PODS:
  - Alamofire (4.5.1)
  - Bolts (1.8.4):
    - Bolts/AppLinks (= 1.8.4)
    - Bolts/Tasks (= 1.8.4)
  - Bolts/AppLinks (1.8.4):
    - Bolts/Tasks
  - Bolts/Tasks (1.8.4)
  - DrawerController (4.0.0):
    - DrawerController/Core (= 4.0.0)
    - DrawerController/DrawerVisualStates (= 4.0.0)
  - DrawerController/Core (4.0.0)
  - DrawerController/DrawerVisualStates (4.0.0):
    - DrawerController/Core
  - FacebookCore (0.3.0):
    - Bolts (~> 1.8)
    - FBSDKCoreKit (~> 4.27)
  - FacebookLogin (0.3.0):
    - Bolts (~> 1.8)
    - FacebookCore (~> 0.3)
    - FBSDKCoreKit (~> 4.27)
    - FBSDKLoginKit (~> 4.27)
  - FBSDKCoreKit (4.28.0):
    - Bolts (~> 1.7)
  - FBSDKLoginKit (4.28.0):
    - FBSDKCoreKit
  - FBSDKShareKit (4.28.0):
    - FBSDKCoreKit
  - Firebase (4.6.0):
    - Firebase/Core (= 4.6.0)
  - Firebase/Auth (4.6.0):
    - Firebase/Core
    - FirebaseAuth (= 4.3.2)
  - Firebase/Core (4.6.0):
    - FirebaseAnalytics (= 4.0.5)
    - FirebaseCore (= 4.0.11)
  - Firebase/Messaging (4.6.0):
    - Firebase/Core
    - FirebaseMessaging (= 2.0.6)
  - FirebaseAnalytics (4.0.5):
    - FirebaseCore (~> 4.0)
    - FirebaseInstanceID (~> 2.0)
    - GoogleToolboxForMac/NSData+zlib (~> 2.1)
    - nanopb (~> 0.3)
  - FirebaseAuth (4.3.2):
    - FirebaseAnalytics (~> 4.0)
    - GoogleToolboxForMac/NSDictionary+URLArguments (~> 2.1)
    - GTMSessionFetcher/Core (~> 1.1)
  - FirebaseCore (4.0.11):
    - GoogleToolboxForMac/NSData+zlib (~> 2.1)
  - FirebaseInstanceID (2.0.6)
  - FirebaseMessaging (2.0.6):
    - FirebaseAnalytics (~> 4.0)
    - FirebaseCore (~> 4.0)
    - FirebaseInstanceID (~> 2.0)
    - GoogleToolboxForMac/Logger (~> 2.1)
    - Protobuf (~> 3.1)
  - FontAwesomeKit (2.2.1):
    - FontAwesomeKit/Core (= 2.2.1)
    - FontAwesomeKit/FontAwesome (= 2.2.1)
    - FontAwesomeKit/FoundationIcons (= 2.2.1)
    - FontAwesomeKit/IonIcons (= 2.2.1)
    - FontAwesomeKit/Material (= 2.2.1)
    - FontAwesomeKit/Octicons (= 2.2.1)
    - FontAwesomeKit/Zocial (= 2.2.1)
  - FontAwesomeKit/Core (2.2.1)
  - FontAwesomeKit/FontAwesome (2.2.1):
    - FontAwesomeKit/Core
  - FontAwesomeKit/FoundationIcons (2.2.1):
    - FontAwesomeKit/Core
  - FontAwesomeKit/IonIcons (2.2.1):
    - FontAwesomeKit/Core
  - FontAwesomeKit/Material (2.2.1):
    - FontAwesomeKit/Core
  - FontAwesomeKit/Octicons (2.2.1):
    - FontAwesomeKit/Core
  - FontAwesomeKit/Zocial (2.2.1):
    - FontAwesomeKit/Core
  - GoogleMaps (2.5.0):
    - GoogleMaps/Maps (= 2.5.0)
  - GoogleMaps/Base (2.5.0)
  - GoogleMaps/Maps (2.5.0):
    - GoogleMaps/Base
  - GooglePlaces (2.5.0):
    - GoogleMaps/Base (= 2.5.0)
  - GoogleSignIn (4.1.1):
    - GoogleToolboxForMac/NSDictionary+URLArguments (~> 2.1)
    - GoogleToolboxForMac/NSString+URLArguments (~> 2.1)
    - GTMOAuth2 (~> 1.0)
    - GTMSessionFetcher/Core (~> 1.1)
  - GoogleToolboxForMac/DebugUtils (2.1.3):
    - GoogleToolboxForMac/Defines (= 2.1.3)
  - GoogleToolboxForMac/Defines (2.1.3)
  - GoogleToolboxForMac/Logger (2.1.3):
    - GoogleToolboxForMac/Defines (= 2.1.3)
  - GoogleToolboxForMac/NSData+zlib (2.1.3):
    - GoogleToolboxForMac/Defines (= 2.1.3)
  - GoogleToolboxForMac/NSDictionary+URLArguments (2.1.3):
    - GoogleToolboxForMac/DebugUtils (= 2.1.3)
    - GoogleToolboxForMac/Defines (= 2.1.3)
    - GoogleToolboxForMac/NSString+URLArguments (= 2.1.3)
  - GoogleToolboxForMac/NSString+URLArguments (2.1.3)
  - GradientView (2.2.0)
  - GTMOAuth2 (1.1.5):
    - GTMSessionFetcher (~> 1.1)
  - GTMSessionFetcher (1.1.12):
    - GTMSessionFetcher/Full (= 1.1.12)
  - GTMSessionFetcher/Core (1.1.12)
  - GTMSessionFetcher/Full (1.1.12):
    - GTMSessionFetcher/Core (= 1.1.12)
  - nanopb (0.3.8):
    - nanopb/decode (= 0.3.8)
    - nanopb/encode (= 0.3.8)
  - nanopb/decode (0.3.8)
  - nanopb/encode (0.3.8)
  - NVActivityIndicatorView (4.0.1):
    - NVActivityIndicatorView/Presenter (= 4.0.1)
  - NVActivityIndicatorView/Presenter (4.0.1)
  - ObjectMapper (3.1.0)
  - pop (1.0.10)
  - PopupDialog (0.6.2)
  - Protobuf (3.5.0)
  - PureLayout (3.0.2)
  - Realm (3.0.2):
    - Realm/Headers (= 3.0.2)
  - Realm/Headers (3.0.2)
  - RealmSwift (3.0.2):
    - Realm (= 3.0.2)
  - SDWebImage (4.2.2):
    - SDWebImage/Core (= 4.2.2)
  - SDWebImage/Core (4.2.2)
  - String+Extensions (1.1.0)
  - SwiftDate (4.5.0)
  - SwiftPullToRefresh (1.1.0)
  - youtube-ios-player-helper (0.1.6)

DEPENDENCIES:
  - Alamofire
  - DrawerController
  - FacebookCore
  - FacebookLogin
  - FBSDKShareKit
  - Firebase
  - Firebase/Auth
  - Firebase/Core
  - Firebase/Messaging
  - FontAwesomeKit
  - GoogleMaps
  - GooglePlaces
  - GoogleSignIn
  - GradientView
  - NVActivityIndicatorView
  - ObjectMapper
  - pop
  - PopupDialog
  - PureLayout
  - RealmSwift
  - SDWebImage
  - String+Extensions
  - SwiftDate
  - SwiftPullToRefresh
  - youtube-ios-player-helper

SPEC CHECKSUMS:
  Alamofire: 2d95912bf4c34f164fdfc335872e8c312acaea4a
  Bolts: 8a7995239dbe724f9cba2248b766d48b7ebdd322
  DrawerController: bad219f1535b1ff71f06ceb0f9d4339751b60af4
  FacebookCore: 3ffa190a3f1f96cec0e44d3fc221bc322c595ffa
  FacebookLogin: 0af839ea858faef99550d16596b87b4a8e8906e6
  FBSDKCoreKit: ca961e279113f691fd83dc634c0bbad9d4e3f370
  FBSDKLoginKit: b077381c27d800f21661757e8140cf2c80a91e4a
  FBSDKShareKit: 4f525556e0df4cf0f574cb3f01c675434f29d477
  Firebase: 27321a925aa85520618255a7c630859e0502ccbd
  FirebaseAnalytics: 5b02a63ead2c3f0259cfc7f15e053e440587ecf8
  FirebaseAuth: e58563adb207a43910a2ed87fecb9fa7d556df5a
  FirebaseCore: 2a946ece8fbe3ce1fdeeb55324f273caade22df9
  FirebaseInstanceID: 24958382a1011bba5aaff37e334e7a650b9118f5
  FirebaseMessaging: 75d83375b0f7a9911568d7bdd1a1a8261cbcbdef
  FontAwesomeKit: 3614979b3dbb0ec3f7fac1bd760b91f66c31db67
  GoogleMaps: c087b8e5dfe87ca6ebf59adb9b4894a4146bec4f
  GooglePlaces: dd70d9d71ea1c7944846afe67de3712c99b30a77
  GoogleSignIn: 3fdaa34a2ba04dbd7a25d7db39aecb0da98d5bdc
  GoogleToolboxForMac: 2501e2ad72a52eb3dfe7bd9aee7dad11b858bd20
  GradientView: a5397174594f158dc1511127f2004ec25c9d2300
  GTMOAuth2: be83fd28d63ae3087e7d351b1f39c1a7e24ab6e7
  GTMSessionFetcher: ebaa1f79a5366922c1735f1566901f50beba23b7
  nanopb: 5601e6bca2dbf1ed831b519092ec110f66982ca3
  NVActivityIndicatorView: 77ed6d7b571643e24899e7858bf9ae2ee4c21f31
  ObjectMapper: 20505058f54e5c3ca69e1d6de9897d152a5369a6
  pop: 82ca6b068ce9278fd350fd9dd09482a0ce9492e6
  PopupDialog: d4336d7274a6aa3af4cb26d8b6691510eba90cc3
  Protobuf: 8a9838fba8dae3389230e1b7f8c104aa32389c03
  PureLayout: 4d550abe49a94f24c2808b9b95db9131685fe4cd
  Realm: 6f23fd1f178a09342eac21bfa7c2bf4312a7a180
  RealmSwift: 695393add1b8f9d5fa75dd16e6355cf3935f71e2
  SDWebImage: 89a9d32cd520bbb46eb14e541d5109b3564af198
  String+Extensions: 4c13e40b64fcfc079f93cd94160e38b576948348
  SwiftDate: 17dd829c004a2d60432ef63ffcdb26ca2eb97a60
  SwiftPullToRefresh: 11ffa1b9d886b2902bed64b05bd50e1e0f1201f1
  youtube-ios-player-helper: 21ab92db027c7ff86cb17a3843a3f6eafc8158d2

PODFILE CHECKSUM: 11837ce43a0a560c50c8412e89fb9ae584992672

COCOAPODS: 1.3.1
